# This is a Gradle generated file for dependency locking.
# Manual edits can break the build and are not advised.
# This file is expected to be part of source control.
com.fasterxml.jackson.core:jackson-annotations:2.13.1=classpath
com.fasterxml.jackson.core:jackson-core:2.13.1=classpath
com.fasterxml.jackson.core:jackson-databind:2.13.1=classpath
com.fasterxml.jackson:jackson-bom:2.13.1=classpath
com.github.johnrengelman.shadow:com.github.johnrengelman.shadow.gradle.plugin:8.1.1=classpath
com.github.johnrengelman:shadow:8.1.1=classpath
commons-io:commons-io:2.11.0=classpath
net.java.dev.jna:jna:5.6.0=classpath
org.ajoberstar.stutter:org.ajoberstar.stutter.gradle.plugin:0.7.1=classpath
org.ajoberstar:gradle-stutter:0.7.1=classpath
org.apache.ant:ant-launcher:1.10.13=classpath
org.apache.ant:ant:1.10.13=classpath
org.apache.logging.log4j:log4j-api:2.20.0=classpath
org.apache.logging.log4j:log4j-core:2.20.0=classpath
org.codehaus.plexus:plexus-utils:3.5.1=classpath
org.jdom:jdom2:2.0.6.1=classpath
org.jetbrains.intellij.deps:trove4j:1.0.20200330=classpath
org.jetbrains.kotlin.jvm:org.jetbrains.kotlin.jvm.gradle.plugin:1.8.10=classpath
org.jetbrains.kotlin.kapt:org.jetbrains.kotlin.kapt.gradle.plugin:1.8.10=classpath
org.jetbrains.kotlin:kotlin-android-extensions:1.8.10=classpath
org.jetbrains.kotlin:kotlin-annotation-processing-gradle:1.8.10=classpath
org.jetbrains.kotlin:kotlin-build-common:1.8.10=classpath
org.jetbrains.kotlin:kotlin-compiler-embeddable:1.8.10=classpath
org.jetbrains.kotlin:kotlin-compiler-runner:1.8.10=classpath
org.jetbrains.kotlin:kotlin-daemon-client:1.8.10=classpath
org.jetbrains.kotlin:kotlin-daemon-embeddable:1.8.10=classpath
org.jetbrains.kotlin:kotlin-gradle-plugin-api:1.8.10=classpath
org.jetbrains.kotlin:kotlin-gradle-plugin-idea-proto:1.8.10=classpath
org.jetbrains.kotlin:kotlin-gradle-plugin-idea:1.8.10=classpath
org.jetbrains.kotlin:kotlin-gradle-plugin-model:1.8.10=classpath
org.jetbrains.kotlin:kotlin-gradle-plugin:1.8.10=classpath
org.jetbrains.kotlin:kotlin-klib-commonizer-api:1.8.10=classpath
org.jetbrains.kotlin:kotlin-native-utils:1.8.10=classpath
org.jetbrains.kotlin:kotlin-project-model:1.8.10=classpath
org.jetbrains.kotlin:kotlin-scripting-common:1.8.10=classpath
org.jetbrains.kotlin:kotlin-scripting-compiler-embeddable:1.8.10=classpath
org.jetbrains.kotlin:kotlin-scripting-compiler-impl-embeddable:1.8.10=classpath
org.jetbrains.kotlin:kotlin-scripting-jvm:1.8.10=classpath
org.jetbrains.kotlin:kotlin-tooling-core:1.8.10=classpath
org.jetbrains.kotlin:kotlin-util-io:1.8.10=classpath
org.jetbrains.kotlin:kotlin-util-klib:1.8.10=classpath
org.jetbrains.kotlinx:kotlinx-coroutines-core-jvm:1.5.0=classpath
org.ow2.asm:asm-commons:9.4=classpath
org.ow2.asm:asm-tree:9.4=classpath
org.ow2.asm:asm:9.4=classpath
org.vafer:jdependency:2.8.0=classpath
empty=
